// !$*UTF8*$!
{
	archiveVersion = 1;
	classes = {
	};
	objectVersion = 46;
	objects = {

/* Begin PBXBuildFile section */
		3CC8983019D494E50081FDDE /* libFDMobihelpSDK.a in Frameworks */ = {isa = PBXBuildFile; fileRef = 3CC8980C19D494E50081FDDE /* libFDMobihelpSDK.a */; };
		3CC8983119D494E50081FDDE /* MHModel.bundle in Resources */ = {isa = PBXBuildFile; fileRef = 3CC8980D19D494E50081FDDE /* MHModel.bundle */; };
		3CC8983219D494E50081FDDE /* FDAngleMask@2x.png in Resources */ = {isa = PBXBuildFile; fileRef = 3CC8981219D494E50081FDDE /* FDAngleMask@2x.png */; };
		3CC8983319D494E50081FDDE /* FDError@2x.png in Resources */ = {isa = PBXBuildFile; fileRef = 3CC8981319D494E50081FDDE /* FDError@2x.png */; };
		3CC8983419D494E50081FDDE /* FDSuccess@2x.png in Resources */ = {isa = PBXBuildFile; fileRef = 3CC8981419D494E50081FDDE /* FDSuccess@2x.png */; };
		3CC8983519D494E50081FDDE /* LeftBubbleFDDarkTheme@2x.png in Resources */ = {isa = PBXBuildFile; fileRef = 3CC8981519D494E50081FDDE /* LeftBubbleFDDarkTheme@2x.png */; };
		3CC8983619D494E50081FDDE /* LeftBubbleFDLightTheme@2x.png in Resources */ = {isa = PBXBuildFile; fileRef = 3CC8981619D494E50081FDDE /* LeftBubbleFDLightTheme@2x.png */; };
		3CC8983719D494E50081FDDE /* RightBubbleFDDarkTheme@2x.png in Resources */ = {isa = PBXBuildFile; fileRef = 3CC8981719D494E50081FDDE /* RightBubbleFDDarkTheme@2x.png */; };
		3CC8983819D494E50081FDDE /* RightBubbleFDLightTheme@2x.png in Resources */ = {isa = PBXBuildFile; fileRef = 3CC8981819D494E50081FDDE /* RightBubbleFDLightTheme@2x.png */; };
		3CC8983919D494E50081FDDE /* TextViewInnerFDDarkTheme@2x.png in Resources */ = {isa = PBXBuildFile; fileRef = 3CC8981919D494E50081FDDE /* TextViewInnerFDDarkTheme@2x.png */; };
		3CC8983A19D494E50081FDDE /* TextViewInnerFDLightTheme@2x.png in Resources */ = {isa = PBXBuildFile; fileRef = 3CC8981A19D494E50081FDDE /* TextViewInnerFDLightTheme@2x.png */; };
		3CC8983B19D494E50081FDDE /* TextViewOuterFDDarkTheme@2x.png in Resources */ = {isa = PBXBuildFile; fileRef = 3CC8981B19D494E50081FDDE /* TextViewOuterFDDarkTheme@2x.png */; };
		3CC8983C19D494E50081FDDE /* TextViewOuterFDLightTheme@2x.png in Resources */ = {isa = PBXBuildFile; fileRef = 3CC8981C19D494E50081FDDE /* TextViewOuterFDLightTheme@2x.png */; };
		3CC8983D19D494E50081FDDE /* FDAngleMask@3x.png in Resources */ = {isa = PBXBuildFile; fileRef = 3CC8981E19D494E50081FDDE /* FDAngleMask@3x.png */; };
		3CC8983E19D494E50081FDDE /* FDError@3x.png in Resources */ = {isa = PBXBuildFile; fileRef = 3CC8981F19D494E50081FDDE /* FDError@3x.png */; };
		3CC8983F19D494E50081FDDE /* FDSuccess@3x.png in Resources */ = {isa = PBXBuildFile; fileRef = 3CC8982019D494E50081FDDE /* FDSuccess@3x.png */; };
		3CC8984019D494E50081FDDE /* LeftBubbleFDDarkTheme@3x.png in Resources */ = {isa = PBXBuildFile; fileRef = 3CC8982119D494E50081FDDE /* LeftBubbleFDDarkTheme@3x.png */; };
		3CC8984119D494E50081FDDE /* LeftBubbleFDLightTheme@3x.png in Resources */ = {isa = PBXBuildFile; fileRef = 3CC8982219D494E50081FDDE /* LeftBubbleFDLightTheme@3x.png */; };
		3CC8984219D494E50081FDDE /* RightBubbleFDDarkTheme@3x.png in Resources */ = {isa = PBXBuildFile; fileRef = 3CC8982319D494E50081FDDE /* RightBubbleFDDarkTheme@3x.png */; };
		3CC8984319D494E50081FDDE /* RightBubbleFDLightTheme@3x.png in Resources */ = {isa = PBXBuildFile; fileRef = 3CC8982419D494E50081FDDE /* RightBubbleFDLightTheme@3x.png */; };
		3CC8984419D494E50081FDDE /* TextViewInnerFDDarkTheme@3x.png in Resources */ = {isa = PBXBuildFile; fileRef = 3CC8982519D494E50081FDDE /* TextViewInnerFDDarkTheme@3x.png */; };
		3CC8984519D494E50081FDDE /* TextViewInnerFDLightTheme@3x.png in Resources */ = {isa = PBXBuildFile; fileRef = 3CC8982619D494E50081FDDE /* TextViewInnerFDLightTheme@3x.png */; };
		3CC8984619D494E50081FDDE /* TextViewOuterFDDarkTheme@3x.png in Resources */ = {isa = PBXBuildFile; fileRef = 3CC8982719D494E50081FDDE /* TextViewOuterFDDarkTheme@3x.png */; };
		3CC8984719D494E50081FDDE /* TextViewOuterFDLightTheme@3x.png in Resources */ = {isa = PBXBuildFile; fileRef = 3CC8982819D494E50081FDDE /* TextViewOuterFDLightTheme@3x.png */; };
		3CC8984819D494E50081FDDE /* MHLocalizable.strings in Resources */ = {isa = PBXBuildFile; fileRef = 3CC8982A19D494E50081FDDE /* MHLocalizable.strings */; };
		3CC8984919D494E50081FDDE /* FDDarkTheme.plist in Resources */ = {isa = PBXBuildFile; fileRef = 3CC8982D19D494E50081FDDE /* FDDarkTheme.plist */; };
		3CC8984A19D494E50081FDDE /* FDLightTheme.plist in Resources */ = {isa = PBXBuildFile; fileRef = 3CC8982E19D494E50081FDDE /* FDLightTheme.plist */; };
		3CC8984B19D494E50081FDDE /* ReleaseNotes.txt in Resources */ = {isa = PBXBuildFile; fileRef = 3CC8982F19D494E50081FDDE /* ReleaseNotes.txt */; };
		AD93D06419B4924B00D58776 /* Foundation.framework in Frameworks */ = {isa = PBXBuildFile; fileRef = AD93D06319B4924B00D58776 /* Foundation.framework */; };
		AD93D06619B4924B00D58776 /* CoreGraphics.framework in Frameworks */ = {isa = PBXBuildFile; fileRef = AD93D06519B4924B00D58776 /* CoreGraphics.framework */; };
		AD93D06819B4924B00D58776 /* UIKit.framework in Frameworks */ = {isa = PBXBuildFile; fileRef = AD93D06719B4924B00D58776 /* UIKit.framework */; };
		AD93D06E19B4924B00D58776 /* InfoPlist.strings in Resources */ = {isa = PBXBuildFile; fileRef = AD93D06C19B4924B00D58776 /* InfoPlist.strings */; };
		AD93D07019B4924B00D58776 /* main.m in Sources */ = {isa = PBXBuildFile; fileRef = AD93D06F19B4924B00D58776 /* main.m */; };
		AD93D07419B4924B00D58776 /* FDAppDelegate.m in Sources */ = {isa = PBXBuildFile; fileRef = AD93D07319B4924B00D58776 /* FDAppDelegate.m */; };
		AD93D07619B4924B00D58776 /* Images.xcassets in Resources */ = {isa = PBXBuildFile; fileRef = AD93D07519B4924B00D58776 /* Images.xcassets */; };
		AD93D09419B4926E00D58776 /* FDViewController.m in Sources */ = {isa = PBXBuildFile; fileRef = AD93D09319B4926E00D58776 /* FDViewController.m */; };
		AD93D0B619B4B16E00D58776 /* SystemConfiguration.framework in Frameworks */ = {isa = PBXBuildFile; fileRef = AD93D0B519B4B16E00D58776 /* SystemConfiguration.framework */; };
		AD93D0B819B4B17200D58776 /* CoreData.framework in Frameworks */ = {isa = PBXBuildFile; fileRef = AD93D0B719B4B17200D58776 /* CoreData.framework */; };
		AD93D0BA19B4B17A00D58776 /* MobileCoreServices.framework in Frameworks */ = {isa = PBXBuildFile; fileRef = AD93D0B919B4B17A00D58776 /* MobileCoreServices.framework */; };
		AD93D0BC19B4B18000D58776 /* CoreTelephony.framework in Frameworks */ = {isa = PBXBuildFile; fileRef = AD93D0BB19B4B18000D58776 /* CoreTelephony.framework */; };
/* End PBXBuildFile section */

/* Begin PBXFileReference section */
		3CC8980C19D494E50081FDDE /* libFDMobihelpSDK.a */ = {isa = PBXFileReference; lastKnownFileType = archive.ar; path = libFDMobihelpSDK.a; sourceTree = "<group>"; };
		3CC8980D19D494E50081FDDE /* MHModel.bundle */ = {isa = PBXFileReference; lastKnownFileType = "wrapper.plug-in"; path = MHModel.bundle; sourceTree = "<group>"; };
		3CC8980E19D494E50081FDDE /* Mobihelp.h */ = {isa = PBXFileReference; fileEncoding = 4; lastKnownFileType = sourcecode.c.h; path = Mobihelp.h; sourceTree = "<group>"; };
		3CC8981219D494E50081FDDE /* FDAngleMask@2x.png */ = {isa = PBXFileReference; lastKnownFileType = image.png; path = "FDAngleMask@2x.png"; sourceTree = "<group>"; };
		3CC8981319D494E50081FDDE /* FDError@2x.png */ = {isa = PBXFileReference; lastKnownFileType = image.png; path = "FDError@2x.png"; sourceTree = "<group>"; };
		3CC8981419D494E50081FDDE /* FDSuccess@2x.png */ = {isa = PBXFileReference; lastKnownFileType = image.png; path = "FDSuccess@2x.png"; sourceTree = "<group>"; };
		3CC8981519D494E50081FDDE /* LeftBubbleFDDarkTheme@2x.png */ = {isa = PBXFileReference; lastKnownFileType = image.png; path = "LeftBubbleFDDarkTheme@2x.png"; sourceTree = "<group>"; };
		3CC8981619D494E50081FDDE /* LeftBubbleFDLightTheme@2x.png */ = {isa = PBXFileReference; lastKnownFileType = image.png; path = "LeftBubbleFDLightTheme@2x.png"; sourceTree = "<group>"; };
		3CC8981719D494E50081FDDE /* RightBubbleFDDarkTheme@2x.png */ = {isa = PBXFileReference; lastKnownFileType = image.png; path = "RightBubbleFDDarkTheme@2x.png"; sourceTree = "<group>"; };
		3CC8981819D494E50081FDDE /* RightBubbleFDLightTheme@2x.png */ = {isa = PBXFileReference; lastKnownFileType = image.png; path = "RightBubbleFDLightTheme@2x.png"; sourceTree = "<group>"; };
		3CC8981919D494E50081FDDE /* TextViewInnerFDDarkTheme@2x.png */ = {isa = PBXFileReference; lastKnownFileType = image.png; path = "TextViewInnerFDDarkTheme@2x.png"; sourceTree = "<group>"; };
		3CC8981A19D494E50081FDDE /* TextViewInnerFDLightTheme@2x.png */ = {isa = PBXFileReference; lastKnownFileType = image.png; path = "TextViewInnerFDLightTheme@2x.png"; sourceTree = "<group>"; };
		3CC8981B19D494E50081FDDE /* TextViewOuterFDDarkTheme@2x.png */ = {isa = PBXFileReference; lastKnownFileType = image.png; path = "TextViewOuterFDDarkTheme@2x.png"; sourceTree = "<group>"; };
		3CC8981C19D494E50081FDDE /* TextViewOuterFDLightTheme@2x.png */ = {isa = PBXFileReference; lastKnownFileType = image.png; path = "TextViewOuterFDLightTheme@2x.png"; sourceTree = "<group>"; };
		3CC8981E19D494E50081FDDE /* FDAngleMask@3x.png */ = {isa = PBXFileReference; lastKnownFileType = image.png; path = "FDAngleMask@3x.png"; sourceTree = "<group>"; };
		3CC8981F19D494E50081FDDE /* FDError@3x.png */ = {isa = PBXFileReference; lastKnownFileType = image.png; path = "FDError@3x.png"; sourceTree = "<group>"; };
		3CC8982019D494E50081FDDE /* FDSuccess@3x.png */ = {isa = PBXFileReference; lastKnownFileType = image.png; path = "FDSuccess@3x.png"; sourceTree = "<group>"; };
		3CC8982119D494E50081FDDE /* LeftBubbleFDDarkTheme@3x.png */ = {isa = PBXFileReference; lastKnownFileType = image.png; path = "LeftBubbleFDDarkTheme@3x.png"; sourceTree = "<group>"; };
		3CC8982219D494E50081FDDE /* LeftBubbleFDLightTheme@3x.png */ = {isa = PBXFileReference; lastKnownFileType = image.png; path = "LeftBubbleFDLightTheme@3x.png"; sourceTree = "<group>"; };
		3CC8982319D494E50081FDDE /* RightBubbleFDDarkTheme@3x.png */ = {isa = PBXFileReference; lastKnownFileType = image.png; path = "RightBubbleFDDarkTheme@3x.png"; sourceTree = "<group>"; };
		3CC8982419D494E50081FDDE /* RightBubbleFDLightTheme@3x.png */ = {isa = PBXFileReference; lastKnownFileType = image.png; path = "RightBubbleFDLightTheme@3x.png"; sourceTree = "<group>"; };
		3CC8982519D494E50081FDDE /* TextViewInnerFDDarkTheme@3x.png */ = {isa = PBXFileReference; lastKnownFileType = image.png; path = "TextViewInnerFDDarkTheme@3x.png"; sourceTree = "<group>"; };
		3CC8982619D494E50081FDDE /* TextViewInnerFDLightTheme@3x.png */ = {isa = PBXFileReference; lastKnownFileType = image.png; path = "TextViewInnerFDLightTheme@3x.png"; sourceTree = "<group>"; };
		3CC8982719D494E50081FDDE /* TextViewOuterFDDarkTheme@3x.png */ = {isa = PBXFileReference; lastKnownFileType = image.png; path = "TextViewOuterFDDarkTheme@3x.png"; sourceTree = "<group>"; };
		3CC8982819D494E50081FDDE /* TextViewOuterFDLightTheme@3x.png */ = {isa = PBXFileReference; lastKnownFileType = image.png; path = "TextViewOuterFDLightTheme@3x.png"; sourceTree = "<group>"; };
		3CC8982B19D494E50081FDDE /* en */ = {isa = PBXFileReference; lastKnownFileType = text.plist.strings; name = en; path = en.lproj/MHLocalizable.strings; sourceTree = "<group>"; };
		3CC8982D19D494E50081FDDE /* FDDarkTheme.plist */ = {isa = PBXFileReference; fileEncoding = 4; lastKnownFileType = text.plist.xml; path = FDDarkTheme.plist; sourceTree = "<group>"; };
		3CC8982E19D494E50081FDDE /* FDLightTheme.plist */ = {isa = PBXFileReference; fileEncoding = 4; lastKnownFileType = text.plist.xml; path = FDLightTheme.plist; sourceTree = "<group>"; };
		3CC8982F19D494E50081FDDE /* ReleaseNotes.txt */ = {isa = PBXFileReference; fileEncoding = 4; lastKnownFileType = text; path = ReleaseNotes.txt; sourceTree = "<group>"; };
		AD93D06019B4924B00D58776 /* MobihelpSampleApp.app */ = {isa = PBXFileReference; explicitFileType = wrapper.application; includeInIndex = 0; path = MobihelpSampleApp.app; sourceTree = BUILT_PRODUCTS_DIR; };
		AD93D06319B4924B00D58776 /* Foundation.framework */ = {isa = PBXFileReference; lastKnownFileType = wrapper.framework; name = Foundation.framework; path = System/Library/Frameworks/Foundation.framework; sourceTree = SDKROOT; };
		AD93D06519B4924B00D58776 /* CoreGraphics.framework */ = {isa = PBXFileReference; lastKnownFileType = wrapper.framework; name = CoreGraphics.framework; path = System/Library/Frameworks/CoreGraphics.framework; sourceTree = SDKROOT; };
		AD93D06719B4924B00D58776 /* UIKit.framework */ = {isa = PBXFileReference; lastKnownFileType = wrapper.framework; name = UIKit.framework; path = System/Library/Frameworks/UIKit.framework; sourceTree = SDKROOT; };
		AD93D06B19B4924B00D58776 /* MobihelpSampleApp-Info.plist */ = {isa = PBXFileReference; lastKnownFileType = text.plist.xml; path = "MobihelpSampleApp-Info.plist"; sourceTree = "<group>"; };
		AD93D06D19B4924B00D58776 /* en */ = {isa = PBXFileReference; lastKnownFileType = text.plist.strings; name = en; path = en.lproj/InfoPlist.strings; sourceTree = "<group>"; };
		AD93D06F19B4924B00D58776 /* main.m */ = {isa = PBXFileReference; lastKnownFileType = sourcecode.c.objc; path = main.m; sourceTree = "<group>"; };
		AD93D07119B4924B00D58776 /* MobihelpSampleApp-Prefix.pch */ = {isa = PBXFileReference; lastKnownFileType = sourcecode.c.h; path = "MobihelpSampleApp-Prefix.pch"; sourceTree = "<group>"; };
		AD93D07219B4924B00D58776 /* FDAppDelegate.h */ = {isa = PBXFileReference; lastKnownFileType = sourcecode.c.h; path = FDAppDelegate.h; sourceTree = "<group>"; };
		AD93D07319B4924B00D58776 /* FDAppDelegate.m */ = {isa = PBXFileReference; lastKnownFileType = sourcecode.c.objc; path = FDAppDelegate.m; sourceTree = "<group>"; };
		AD93D07519B4924B00D58776 /* Images.xcassets */ = {isa = PBXFileReference; lastKnownFileType = folder.assetcatalog; path = Images.xcassets; sourceTree = "<group>"; };
		AD93D07C19B4924B00D58776 /* XCTest.framework */ = {isa = PBXFileReference; lastKnownFileType = wrapper.framework; name = XCTest.framework; path = Library/Frameworks/XCTest.framework; sourceTree = DEVELOPER_DIR; };
		AD93D09219B4926E00D58776 /* FDViewController.h */ = {isa = PBXFileReference; fileEncoding = 4; lastKnownFileType = sourcecode.c.h; path = FDViewController.h; sourceTree = "<group>"; };
		AD93D09319B4926E00D58776 /* FDViewController.m */ = {isa = PBXFileReference; fileEncoding = 4; lastKnownFileType = sourcecode.c.objc; path = FDViewController.m; sourceTree = "<group>"; };
		AD93D0B519B4B16E00D58776 /* SystemConfiguration.framework */ = {isa = PBXFileReference; lastKnownFileType = wrapper.framework; name = SystemConfiguration.framework; path = System/Library/Frameworks/SystemConfiguration.framework; sourceTree = SDKROOT; };
		AD93D0B719B4B17200D58776 /* CoreData.framework */ = {isa = PBXFileReference; lastKnownFileType = wrapper.framework; name = CoreData.framework; path = System/Library/Frameworks/CoreData.framework; sourceTree = SDKROOT; };
		AD93D0B919B4B17A00D58776 /* MobileCoreServices.framework */ = {isa = PBXFileReference; lastKnownFileType = wrapper.framework; name = MobileCoreServices.framework; path = System/Library/Frameworks/MobileCoreServices.framework; sourceTree = SDKROOT; };
		AD93D0BB19B4B18000D58776 /* CoreTelephony.framework */ = {isa = PBXFileReference; lastKnownFileType = wrapper.framework; name = CoreTelephony.framework; path = System/Library/Frameworks/CoreTelephony.framework; sourceTree = SDKROOT; };
/* End PBXFileReference section */

/* Begin PBXFrameworksBuildPhase section */
		AD93D05D19B4924B00D58776 /* Frameworks */ = {
			isa = PBXFrameworksBuildPhase;
			buildActionMask = 2147483647;
			files = (
				AD93D0BC19B4B18000D58776 /* CoreTelephony.framework in Frameworks */,
				AD93D0BA19B4B17A00D58776 /* MobileCoreServices.framework in Frameworks */,
				AD93D0B819B4B17200D58776 /* CoreData.framework in Frameworks */,
				AD93D0B619B4B16E00D58776 /* SystemConfiguration.framework in Frameworks */,
				3CC8983019D494E50081FDDE /* libFDMobihelpSDK.a in Frameworks */,
				AD93D06619B4924B00D58776 /* CoreGraphics.framework in Frameworks */,
				AD93D06819B4924B00D58776 /* UIKit.framework in Frameworks */,
				AD93D06419B4924B00D58776 /* Foundation.framework in Frameworks */,
			);
			runOnlyForDeploymentPostprocessing = 0;
		};
/* End PBXFrameworksBuildPhase section */

/* Begin PBXGroup section */
		3CC8980B19D494E50081FDDE /* mobihelp_ios_v1.1.2 */ = {
			isa = PBXGroup;
			children = (
				3CC8980C19D494E50081FDDE /* libFDMobihelpSDK.a */,
				3CC8980D19D494E50081FDDE /* MHModel.bundle */,
				3CC8980E19D494E50081FDDE /* Mobihelp.h */,
				3CC8980F19D494E50081FDDE /* MobihelpResources */,
				3CC8982F19D494E50081FDDE /* ReleaseNotes.txt */,
			);
			path = mobihelp_ios_v1.1.2;
			sourceTree = "<group>";
		};
		3CC8980F19D494E50081FDDE /* MobihelpResources */ = {
			isa = PBXGroup;
			children = (
				3CC8981019D494E50081FDDE /* Images */,
				3CC8982919D494E50081FDDE /* Localization */,
				3CC8982C19D494E50081FDDE /* Themes */,
			);
			path = MobihelpResources;
			sourceTree = "<group>";
		};
		3CC8981019D494E50081FDDE /* Images */ = {
			isa = PBXGroup;
			children = (
				3CC8981119D494E50081FDDE /* 2x */,
				3CC8981D19D494E50081FDDE /* 3x */,
			);
			path = Images;
			sourceTree = "<group>";
		};
		3CC8981119D494E50081FDDE /* 2x */ = {
			isa = PBXGroup;
			children = (
				3CC8981219D494E50081FDDE /* FDAngleMask@2x.png */,
				3CC8981319D494E50081FDDE /* FDError@2x.png */,
				3CC8981419D494E50081FDDE /* FDSuccess@2x.png */,
				3CC8981519D494E50081FDDE /* LeftBubbleFDDarkTheme@2x.png */,
				3CC8981619D494E50081FDDE /* LeftBubbleFDLightTheme@2x.png */,
				3CC8981719D494E50081FDDE /* RightBubbleFDDarkTheme@2x.png */,
				3CC8981819D494E50081FDDE /* RightBubbleFDLightTheme@2x.png */,
				3CC8981919D494E50081FDDE /* TextViewInnerFDDarkTheme@2x.png */,
				3CC8981A19D494E50081FDDE /* TextViewInnerFDLightTheme@2x.png */,
				3CC8981B19D494E50081FDDE /* TextViewOuterFDDarkTheme@2x.png */,
				3CC8981C19D494E50081FDDE /* TextViewOuterFDLightTheme@2x.png */,
			);
			path = 2x;
			sourceTree = "<group>";
		};
		3CC8981D19D494E50081FDDE /* 3x */ = {
			isa = PBXGroup;
			children = (
				3CC8981E19D494E50081FDDE /* FDAngleMask@3x.png */,
				3CC8981F19D494E50081FDDE /* FDError@3x.png */,
				3CC8982019D494E50081FDDE /* FDSuccess@3x.png */,
				3CC8982119D494E50081FDDE /* LeftBubbleFDDarkTheme@3x.png */,
				3CC8982219D494E50081FDDE /* LeftBubbleFDLightTheme@3x.png */,
				3CC8982319D494E50081FDDE /* RightBubbleFDDarkTheme@3x.png */,
				3CC8982419D494E50081FDDE /* RightBubbleFDLightTheme@3x.png */,
				3CC8982519D494E50081FDDE /* TextViewInnerFDDarkTheme@3x.png */,
				3CC8982619D494E50081FDDE /* TextViewInnerFDLightTheme@3x.png */,
				3CC8982719D494E50081FDDE /* TextViewOuterFDDarkTheme@3x.png */,
				3CC8982819D494E50081FDDE /* TextViewOuterFDLightTheme@3x.png */,
			);
			path = 3x;
			sourceTree = "<group>";
		};
		3CC8982919D494E50081FDDE /* Localization */ = {
			isa = PBXGroup;
			children = (
				3CC8982A19D494E50081FDDE /* MHLocalizable.strings */,
			);
			path = Localization;
			sourceTree = "<group>";
		};
		3CC8982C19D494E50081FDDE /* Themes */ = {
			isa = PBXGroup;
			children = (
				3CC8982D19D494E50081FDDE /* FDDarkTheme.plist */,
				3CC8982E19D494E50081FDDE /* FDLightTheme.plist */,
			);
			path = Themes;
			sourceTree = "<group>";
		};
		AD93D05719B4924A00D58776 = {
			isa = PBXGroup;
			children = (
				3CC8980B19D494E50081FDDE /* mobihelp_ios_v1.1.2 */,
				AD93D06919B4924B00D58776 /* MobihelpSampleApp */,
				AD93D06219B4924B00D58776 /* Frameworks */,
				AD93D06119B4924B00D58776 /* Products */,
			);
			sourceTree = "<group>";
		};
		AD93D06119B4924B00D58776 /* Products */ = {
			isa = PBXGroup;
			children = (
				AD93D06019B4924B00D58776 /* MobihelpSampleApp.app */,
			);
			name = Products;
			sourceTree = "<group>";
		};
		AD93D06219B4924B00D58776 /* Frameworks */ = {
			isa = PBXGroup;
			children = (
				AD93D0BB19B4B18000D58776 /* CoreTelephony.framework */,
				AD93D0B919B4B17A00D58776 /* MobileCoreServices.framework */,
				AD93D0B719B4B17200D58776 /* CoreData.framework */,
				AD93D0B519B4B16E00D58776 /* SystemConfiguration.framework */,
				AD93D06319B4924B00D58776 /* Foundation.framework */,
				AD93D06519B4924B00D58776 /* CoreGraphics.framework */,
				AD93D06719B4924B00D58776 /* UIKit.framework */,
				AD93D07C19B4924B00D58776 /* XCTest.framework */,
			);
			name = Frameworks;
			sourceTree = "<group>";
		};
		AD93D06919B4924B00D58776 /* MobihelpSampleApp */ = {
			isa = PBXGroup;
			children = (
				AD93D07219B4924B00D58776 /* FDAppDelegate.h */,
				AD93D07319B4924B00D58776 /* FDAppDelegate.m */,
				AD93D09219B4926E00D58776 /* FDViewController.h */,
				AD93D09319B4926E00D58776 /* FDViewController.m */,
				AD93D07519B4924B00D58776 /* Images.xcassets */,
				AD93D06A19B4924B00D58776 /* Supporting Files */,
			);
			path = MobihelpSampleApp;
			sourceTree = "<group>";
		};
		AD93D06A19B4924B00D58776 /* Supporting Files */ = {
			isa = PBXGroup;
			children = (
				AD93D06B19B4924B00D58776 /* MobihelpSampleApp-Info.plist */,
				AD93D06C19B4924B00D58776 /* InfoPlist.strings */,
				AD93D06F19B4924B00D58776 /* main.m */,
				AD93D07119B4924B00D58776 /* MobihelpSampleApp-Prefix.pch */,
			);
			name = "Supporting Files";
			sourceTree = "<group>";
		};
/* End PBXGroup section */

/* Begin PBXNativeTarget section */
		AD93D05F19B4924B00D58776 /* MobihelpSampleApp */ = {
			isa = PBXNativeTarget;
			buildConfigurationList = AD93D08C19B4924C00D58776 /* Build configuration list for PBXNativeTarget "MobihelpSampleApp" */;
			buildPhases = (
				AD93D05C19B4924B00D58776 /* Sources */,
				AD93D05D19B4924B00D58776 /* Frameworks */,
				AD93D05E19B4924B00D58776 /* Resources */,
			);
			buildRules = (
			);
			dependencies = (
			);
			name = MobihelpSampleApp;
			productName = MobihelpSampleApp;
			productReference = AD93D06019B4924B00D58776 /* MobihelpSampleApp.app */;
			productType = "com.apple.product-type.application";
		};
/* End PBXNativeTarget section */

/* Begin PBXProject section */
		AD93D05819B4924A00D58776 /* Project object */ = {
			isa = PBXProject;
			attributes = {
				CLASSPREFIX = FD;
				LastUpgradeCheck = 0510;
				ORGANIZATIONNAME = Freshdesk;
				TargetAttributes = {
					AD93D05F19B4924B00D58776 = {
						DevelopmentTeam = PKUQ4ZWJH3;
					};
				};
			};
			buildConfigurationList = AD93D05B19B4924A00D58776 /* Build configuration list for PBXProject "MobihelpSampleApp" */;
			compatibilityVersion = "Xcode 3.2";
			developmentRegion = English;
			hasScannedForEncodings = 0;
			knownRegions = (
				en,
			);
			mainGroup = AD93D05719B4924A00D58776;
			productRefGroup = AD93D06119B4924B00D58776 /* Products */;
			projectDirPath = "";
			projectRoot = "";
			targets = (
				AD93D05F19B4924B00D58776 /* MobihelpSampleApp */,
			);
		};
/* End PBXProject section */

/* Begin PBXResourcesBuildPhase section */
		AD93D05E19B4924B00D58776 /* Resources */ = {
			isa = PBXResourcesBuildPhase;
			buildActionMask = 2147483647;
			files = (
				3CC8983E19D494E50081FDDE /* FDError@3x.png in Resources */,
				3CC8983B19D494E50081FDDE /* TextViewOuterFDDarkTheme@2x.png in Resources */,
				3CC8983319D494E50081FDDE /* FDError@2x.png in Resources */,
				3CC8984619D494E50081FDDE /* TextViewOuterFDDarkTheme@3x.png in Resources */,
				3CC8984719D494E50081FDDE /* TextViewOuterFDLightTheme@3x.png in Resources */,
				3CC8984319D494E50081FDDE /* RightBubbleFDLightTheme@3x.png in Resources */,
				3CC8983F19D494E50081FDDE /* FDSuccess@3x.png in Resources */,
				3CC8984119D494E50081FDDE /* LeftBubbleFDLightTheme@3x.png in Resources */,
				3CC8983519D494E50081FDDE /* LeftBubbleFDDarkTheme@2x.png in Resources */,
				3CC8983819D494E50081FDDE /* RightBubbleFDLightTheme@2x.png in Resources */,
				3CC8984419D494E50081FDDE /* TextViewInnerFDDarkTheme@3x.png in Resources */,
				3CC8983219D494E50081FDDE /* FDAngleMask@2x.png in Resources */,
				3CC8983119D494E50081FDDE /* MHModel.bundle in Resources */,
				3CC8984A19D494E50081FDDE /* FDLightTheme.plist in Resources */,
				3CC8984519D494E50081FDDE /* TextViewInnerFDLightTheme@3x.png in Resources */,
				3CC8983D19D494E50081FDDE /* FDAngleMask@3x.png in Resources */,
				3CC8983719D494E50081FDDE /* RightBubbleFDDarkTheme@2x.png in Resources */,
				3CC8984819D494E50081FDDE /* MHLocalizable.strings in Resources */,
				3CC8984919D494E50081FDDE /* FDDarkTheme.plist in Resources */,
				3CC8983919D494E50081FDDE /* TextViewInnerFDDarkTheme@2x.png in Resources */,
				3CC8984219D494E50081FDDE /* RightBubbleFDDarkTheme@3x.png in Resources */,
				3CC8983C19D494E50081FDDE /* TextViewOuterFDLightTheme@2x.png in Resources */,
				3CC8984019D494E50081FDDE /* LeftBubbleFDDarkTheme@3x.png in Resources */,
				AD93D06E19B4924B00D58776 /* InfoPlist.strings in Resources */,
				3CC8983A19D494E50081FDDE /* TextViewInnerFDLightTheme@2x.png in Resources */,
				3CC8984B19D494E50081FDDE /* ReleaseNotes.txt in Resources */,
				3CC8983419D494E50081FDDE /* FDSuccess@2x.png in Resources */,
				3CC8983619D494E50081FDDE /* LeftBubbleFDLightTheme@2x.png in Resources */,
				AD93D07619B4924B00D58776 /* Images.xcassets in Resources */,
			);
			runOnlyForDeploymentPostprocessing = 0;
		};
/* End PBXResourcesBuildPhase section */

/* Begin PBXSourcesBuildPhase section */
		AD93D05C19B4924B00D58776 /* Sources */ = {
			isa = PBXSourcesBuildPhase;
			buildActionMask = 2147483647;
			files = (
				AD93D07419B4924B00D58776 /* FDAppDelegate.m in Sources */,
				AD93D07019B4924B00D58776 /* main.m in Sources */,
				AD93D09419B4926E00D58776 /* FDViewController.m in Sources */,
			);
			runOnlyForDeploymentPostprocessing = 0;
		};
/* End PBXSourcesBuildPhase section */

/* Begin PBXVariantGroup section */
		3CC8982A19D494E50081FDDE /* MHLocalizable.strings */ = {
			isa = PBXVariantGroup;
			children = (
				3CC8982B19D494E50081FDDE /* en */,
			);
			name = MHLocalizable.strings;
			sourceTree = "<group>";
		};
		AD93D06C19B4924B00D58776 /* InfoPlist.strings */ = {
			isa = PBXVariantGroup;
			children = (
				AD93D06D19B4924B00D58776 /* en */,
			);
			name = InfoPlist.strings;
			sourceTree = "<group>";
		};
/* End PBXVariantGroup section */

/* Begin XCBuildConfiguration section */
		AD93D08A19B4924B00D58776 /* Debug */ = {
			isa = XCBuildConfiguration;
			buildSettings = {
				ALWAYS_SEARCH_USER_PATHS = NO;
				CLANG_CXX_LANGUAGE_STANDARD = "gnu++0x";
				CLANG_CXX_LIBRARY = "libc++";
				CLANG_ENABLE_MODULES = YES;
				CLANG_ENABLE_OBJC_ARC = YES;
				CLANG_WARN_BOOL_CONVERSION = YES;
				CLANG_WARN_CONSTANT_CONVERSION = YES;
				CLANG_WARN_DIRECT_OBJC_ISA_USAGE = YES_ERROR;
				CLANG_WARN_EMPTY_BODY = YES;
				CLANG_WARN_ENUM_CONVERSION = YES;
				CLANG_WARN_INT_CONVERSION = YES;
				CLANG_WARN_OBJC_ROOT_CLASS = YES_ERROR;
				CLANG_WARN__DUPLICATE_METHOD_MATCH = YES;
				"CODE_SIGN_IDENTITY[sdk=iphoneos*]" = "iPhone Developer";
				COPY_PHASE_STRIP = NO;
				GCC_C_LANGUAGE_STANDARD = gnu99;
				GCC_DYNAMIC_NO_PIC = NO;
				GCC_OPTIMIZATION_LEVEL = 0;
				GCC_PREPROCESSOR_DEFINITIONS = (
					"DEBUG=1",
					"$(inherited)",
				);
				GCC_SYMBOLS_PRIVATE_EXTERN = NO;
				GCC_WARN_64_TO_32_BIT_CONVERSION = YES;
				GCC_WARN_ABOUT_RETURN_TYPE = YES_ERROR;
				GCC_WARN_UNDECLARED_SELECTOR = YES;
				GCC_WARN_UNINITIALIZED_AUTOS = YES_AGGRESSIVE;
				GCC_WARN_UNUSED_FUNCTION = YES;
				GCC_WARN_UNUSED_VARIABLE = YES;
				IPHONEOS_DEPLOYMENT_TARGET = 7.1;
				ONLY_ACTIVE_ARCH = YES;
				SDKROOT = iphoneos;
				TARGETED_DEVICE_FAMILY = "1,2";
			};
			name = Debug;
		};
		AD93D08B19B4924B00D58776 /* Release */ = {
			isa = XCBuildConfiguration;
			buildSettings = {
				ALWAYS_SEARCH_USER_PATHS = NO;
				CLANG_CXX_LANGUAGE_STANDARD = "gnu++0x";
				CLANG_CXX_LIBRARY = "libc++";
				CLANG_ENABLE_MODULES = YES;
				CLANG_ENABLE_OBJC_ARC = YES;
				CLANG_WARN_BOOL_CONVERSION = YES;
				CLANG_WARN_CONSTANT_CONVERSION = YES;
				CLANG_WARN_DIRECT_OBJC_ISA_USAGE = YES_ERROR;
				CLANG_WARN_EMPTY_BODY = YES;
				CLANG_WARN_ENUM_CONVERSION = YES;
				CLANG_WARN_INT_CONVERSION = YES;
				CLANG_WARN_OBJC_ROOT_CLASS = YES_ERROR;
				CLANG_WARN__DUPLICATE_METHOD_MATCH = YES;
				"CODE_SIGN_IDENTITY[sdk=iphoneos*]" = "iPhone Developer";
				COPY_PHASE_STRIP = YES;
				ENABLE_NS_ASSERTIONS = NO;
				GCC_C_LANGUAGE_STANDARD = gnu99;
				GCC_WARN_64_TO_32_BIT_CONVERSION = YES;
				GCC_WARN_ABOUT_RETURN_TYPE = YES_ERROR;
				GCC_WARN_UNDECLARED_SELECTOR = YES;
				GCC_WARN_UNINITIALIZED_AUTOS = YES_AGGRESSIVE;
				GCC_WARN_UNUSED_FUNCTION = YES;
				GCC_WARN_UNUSED_VARIABLE = YES;
				IPHONEOS_DEPLOYMENT_TARGET = 7.1;
				SDKROOT = iphoneos;
				TARGETED_DEVICE_FAMILY = "1,2";
				VALIDATE_PRODUCT = YES;
			};
			name = Release;
		};
		AD93D08D19B4924C00D58776 /* Debug */ = {
			isa = XCBuildConfiguration;
			buildSettings = {
				ASSETCATALOG_COMPILER_APPICON_NAME = AppIcon;
				ASSETCATALOG_COMPILER_LAUNCHIMAGE_NAME = LaunchImage;
				CODE_SIGN_IDENTITY = "iPhone Developer";
				"CODE_SIGN_IDENTITY[sdk=iphoneos*]" = "iPhone Developer";
				GCC_PRECOMPILE_PREFIX_HEADER = YES;
				GCC_PREFIX_HEADER = "MobihelpSampleApp/MobihelpSampleApp-Prefix.pch";
				INFOPLIST_FILE = "MobihelpSampleApp/MobihelpSampleApp-Info.plist";
				IPHONEOS_DEPLOYMENT_TARGET = 7.0;
				LIBRARY_SEARCH_PATHS = (
					"$(inherited)",
					"$(PROJECT_DIR)/mobihelp_ios_v1.1.2",
				);
				PRODUCT_NAME = "$(TARGET_NAME)";
				PROVISIONING_PROFILE = "";
				VALID_ARCHS = "arm64 armv7 armv7s";
				WRAPPER_EXTENSION = app;
			};
			name = Debug;
		};
		AD93D08E19B4924C00D58776 /* Release */ = {
			isa = XCBuildConfiguration;
			buildSettings = {
				ASSETCATALOG_COMPILER_APPICON_NAME = AppIcon;
				ASSETCATALOG_COMPILER_LAUNCHIMAGE_NAME = LaunchImage;
				CODE_SIGN_IDENTITY = "iPhone Developer";
				"CODE_SIGN_IDENTITY[sdk=iphoneos*]" = "iPhone Developer";
				GCC_PRECOMPILE_PREFIX_HEADER = YES;
				GCC_PREFIX_HEADER = "MobihelpSampleApp/MobihelpSampleApp-Prefix.pch";
				INFOPLIST_FILE = "MobihelpSampleApp/MobihelpSampleApp-Info.plist";
				IPHONEOS_DEPLOYMENT_TARGET = 7.0;
				LIBRARY_SEARCH_PATHS = (
					"$(inherited)",
					"$(PROJECT_DIR)/mobihelp_ios_v1.1.2",
				);
				ONLY_ACTIVE_ARCH = YES;
				PRODUCT_NAME = "$(TARGET_NAME)";
				PROVISIONING_PROFILE = "";
				VALID_ARCHS = "armv7 arm64 armv7s";
				WRAPPER_EXTENSION = app;
			};
			name = Release;
		};
/* End XCBuildConfiguration section */

/* Begin XCConfigurationList section */
		AD93D05B19B4924A00D58776 /* Build configuration list for PBXProject "MobihelpSampleApp" */ = {
			isa = XCConfigurationList;
			buildConfigurations = (
				AD93D08A19B4924B00D58776 /* Debug */,
				AD93D08B19B4924B00D58776 /* Release */,
			);
			defaultConfigurationIsVisible = 0;
			defaultConfigurationName = Release;
		};
		AD93D08C19B4924C00D58776 /* Build configuration list for PBXNativeTarget "MobihelpSampleApp" */ = {
			isa = XCConfigurationList;
			buildConfigurations = (
				AD93D08D19B4924C00D58776 /* Debug */,
				AD93D08E19B4924C00D58776 /* Release */,
			);
			defaultConfigurationIsVisible = 0;
			defaultConfigurationName = Release;
		};
/* End XCConfigurationList section */
	};
	rootObject = AD93D05819B4924A00D58776 /* Project object */;
}
