// !$*UTF8*$!
{
	archiveVersion = 1;
	classes = {
	};
	objectVersion = 46;
	objects = {

/* Begin PBXBuildFile section */
		3C5A5ACB19E2C47F005639CC /* UIKit.framework in Frameworks */ = {isa = PBXBuildFile; fileRef = AD93D06719B4924B00D58776 /* UIKit.framework */; };
		3C5A5ACE19E2C4B3005639CC /* Security.framework in Frameworks */ = {isa = PBXBuildFile; fileRef = 3C5A5ACD19E2C4B3005639CC /* Security.framework */; };
		3C5A5ACF19E2C4CD005639CC /* CoreGraphics.framework in Frameworks */ = {isa = PBXBuildFile; fileRef = AD93D06519B4924B00D58776 /* CoreGraphics.framework */; };
		3C5A5AD019E2C569005639CC /* QuartzCore.framework in Frameworks */ = {isa = PBXBuildFile; fileRef = 3C5A5AC919E2C468005639CC /* QuartzCore.framework */; };
		AD93D06419B4924B00D58776 /* Foundation.framework in Frameworks */ = {isa = PBXBuildFile; fileRef = AD93D06319B4924B00D58776 /* Foundation.framework */; };
		AD93D06E19B4924B00D58776 /* InfoPlist.strings in Resources */ = {isa = PBXBuildFile; fileRef = AD93D06C19B4924B00D58776 /* InfoPlist.strings */; };
		AD93D07019B4924B00D58776 /* main.m in Sources */ = {isa = PBXBuildFile; fileRef = AD93D06F19B4924B00D58776 /* main.m */; };
		AD93D07419B4924B00D58776 /* FDAppDelegate.m in Sources */ = {isa = PBXBuildFile; fileRef = AD93D07319B4924B00D58776 /* FDAppDelegate.m */; };
		AD93D07619B4924B00D58776 /* Images.xcassets in Resources */ = {isa = PBXBuildFile; fileRef = AD93D07519B4924B00D58776 /* Images.xcassets */; };
		AD93D09419B4926E00D58776 /* FDViewController.m in Sources */ = {isa = PBXBuildFile; fileRef = AD93D09319B4926E00D58776 /* FDViewController.m */; };
		AD93D0B619B4B16E00D58776 /* SystemConfiguration.framework in Frameworks */ = {isa = PBXBuildFile; fileRef = AD93D0B519B4B16E00D58776 /* SystemConfiguration.framework */; };
		AD93D0B819B4B17200D58776 /* CoreData.framework in Frameworks */ = {isa = PBXBuildFile; fileRef = AD93D0B719B4B17200D58776 /* CoreData.framework */; };
		AD93D0BA19B4B17A00D58776 /* MobileCoreServices.framework in Frameworks */ = {isa = PBXBuildFile; fileRef = AD93D0B919B4B17A00D58776 /* MobileCoreServices.framework */; };
		AD93D0BC19B4B18000D58776 /* CoreTelephony.framework in Frameworks */ = {isa = PBXBuildFile; fileRef = AD93D0BB19B4B18000D58776 /* CoreTelephony.framework */; };
		D00A39F81A1632F0007F7FAC /* libFDMobihelpSDK.a in Frameworks */ = {isa = PBXBuildFile; fileRef = D00A39D41A1632F0007F7FAC /* libFDMobihelpSDK.a */; };
		D00A39F91A1632F0007F7FAC /* MHModel.bundle in Resources */ = {isa = PBXBuildFile; fileRef = D00A39D51A1632F0007F7FAC /* MHModel.bundle */; };
		D00A39FA1A1632F0007F7FAC /* FDAngleMask@2x.png in Resources */ = {isa = PBXBuildFile; fileRef = D00A39DA1A1632F0007F7FAC /* FDAngleMask@2x.png */; };
		D00A39FB1A1632F0007F7FAC /* FDError@2x.png in Resources */ = {isa = PBXBuildFile; fileRef = D00A39DB1A1632F0007F7FAC /* FDError@2x.png */; };
		D00A39FC1A1632F0007F7FAC /* FDSuccess@2x.png in Resources */ = {isa = PBXBuildFile; fileRef = D00A39DC1A1632F0007F7FAC /* FDSuccess@2x.png */; };
		D00A39FD1A1632F0007F7FAC /* LeftBubbleFDDarkTheme@2x.png in Resources */ = {isa = PBXBuildFile; fileRef = D00A39DD1A1632F0007F7FAC /* LeftBubbleFDDarkTheme@2x.png */; };
		D00A39FE1A1632F0007F7FAC /* LeftBubbleFDLightTheme@2x.png in Resources */ = {isa = PBXBuildFile; fileRef = D00A39DE1A1632F0007F7FAC /* LeftBubbleFDLightTheme@2x.png */; };
		D00A39FF1A1632F0007F7FAC /* RightBubbleFDDarkTheme@2x.png in Resources */ = {isa = PBXBuildFile; fileRef = D00A39DF1A1632F0007F7FAC /* RightBubbleFDDarkTheme@2x.png */; };
		D00A3A001A1632F0007F7FAC /* RightBubbleFDLightTheme@2x.png in Resources */ = {isa = PBXBuildFile; fileRef = D00A39E01A1632F0007F7FAC /* RightBubbleFDLightTheme@2x.png */; };
		D00A3A011A1632F0007F7FAC /* TextViewInnerFDDarkTheme@2x.png in Resources */ = {isa = PBXBuildFile; fileRef = D00A39E11A1632F0007F7FAC /* TextViewInnerFDDarkTheme@2x.png */; };
		D00A3A021A1632F0007F7FAC /* TextViewInnerFDLightTheme@2x.png in Resources */ = {isa = PBXBuildFile; fileRef = D00A39E21A1632F0007F7FAC /* TextViewInnerFDLightTheme@2x.png */; };
		D00A3A031A1632F0007F7FAC /* TextViewOuterFDDarkTheme@2x.png in Resources */ = {isa = PBXBuildFile; fileRef = D00A39E31A1632F0007F7FAC /* TextViewOuterFDDarkTheme@2x.png */; };
		D00A3A041A1632F0007F7FAC /* TextViewOuterFDLightTheme@2x.png in Resources */ = {isa = PBXBuildFile; fileRef = D00A39E41A1632F0007F7FAC /* TextViewOuterFDLightTheme@2x.png */; };
		D00A3A051A1632F0007F7FAC /* FDAngleMask@3x.png in Resources */ = {isa = PBXBuildFile; fileRef = D00A39E61A1632F0007F7FAC /* FDAngleMask@3x.png */; };
		D00A3A061A1632F0007F7FAC /* FDError@3x.png in Resources */ = {isa = PBXBuildFile; fileRef = D00A39E71A1632F0007F7FAC /* FDError@3x.png */; };
		D00A3A071A1632F0007F7FAC /* FDSuccess@3x.png in Resources */ = {isa = PBXBuildFile; fileRef = D00A39E81A1632F0007F7FAC /* FDSuccess@3x.png */; };
		D00A3A081A1632F0007F7FAC /* LeftBubbleFDDarkTheme@3x.png in Resources */ = {isa = PBXBuildFile; fileRef = D00A39E91A1632F0007F7FAC /* LeftBubbleFDDarkTheme@3x.png */; };
		D00A3A091A1632F0007F7FAC /* LeftBubbleFDLightTheme@3x.png in Resources */ = {isa = PBXBuildFile; fileRef = D00A39EA1A1632F0007F7FAC /* LeftBubbleFDLightTheme@3x.png */; };
		D00A3A0A1A1632F0007F7FAC /* RightBubbleFDDarkTheme@3x.png in Resources */ = {isa = PBXBuildFile; fileRef = D00A39EB1A1632F0007F7FAC /* RightBubbleFDDarkTheme@3x.png */; };
		D00A3A0B1A1632F0007F7FAC /* RightBubbleFDLightTheme@3x.png in Resources */ = {isa = PBXBuildFile; fileRef = D00A39EC1A1632F0007F7FAC /* RightBubbleFDLightTheme@3x.png */; };
		D00A3A0C1A1632F0007F7FAC /* TextViewInnerFDDarkTheme@3x.png in Resources */ = {isa = PBXBuildFile; fileRef = D00A39ED1A1632F0007F7FAC /* TextViewInnerFDDarkTheme@3x.png */; };
		D00A3A0D1A1632F0007F7FAC /* TextViewInnerFDLightTheme@3x.png in Resources */ = {isa = PBXBuildFile; fileRef = D00A39EE1A1632F0007F7FAC /* TextViewInnerFDLightTheme@3x.png */; };
		D00A3A0E1A1632F0007F7FAC /* TextViewOuterFDDarkTheme@3x.png in Resources */ = {isa = PBXBuildFile; fileRef = D00A39EF1A1632F0007F7FAC /* TextViewOuterFDDarkTheme@3x.png */; };
		D00A3A0F1A1632F0007F7FAC /* TextViewOuterFDLightTheme@3x.png in Resources */ = {isa = PBXBuildFile; fileRef = D00A39F01A1632F0007F7FAC /* TextViewOuterFDLightTheme@3x.png */; };
		D00A3A101A1632F0007F7FAC /* MHLocalizable.strings in Resources */ = {isa = PBXBuildFile; fileRef = D00A39F21A1632F0007F7FAC /* MHLocalizable.strings */; };
		D00A3A111A1632F0007F7FAC /* FDDarkTheme.plist in Resources */ = {isa = PBXBuildFile; fileRef = D00A39F51A1632F0007F7FAC /* FDDarkTheme.plist */; };
		D00A3A121A1632F0007F7FAC /* FDLightTheme.plist in Resources */ = {isa = PBXBuildFile; fileRef = D00A39F61A1632F0007F7FAC /* FDLightTheme.plist */; };
		D00A3A131A1632F0007F7FAC /* ReleaseNotes.txt in Resources */ = {isa = PBXBuildFile; fileRef = D00A39F71A1632F0007F7FAC /* ReleaseNotes.txt */; };
/* End PBXBuildFile section */

/* Begin PBXFileReference section */
		3C5A5AC119E2C359005639CC /* CFNetwork.framework */ = {isa = PBXFileReference; lastKnownFileType = wrapper.framework; name = CFNetwork.framework; path = System/Library/Frameworks/CFNetwork.framework; sourceTree = SDKROOT; };
		3C5A5AC419E2C415005639CC /* CoreImage.framework */ = {isa = PBXFileReference; lastKnownFileType = wrapper.framework; name = CoreImage.framework; path = System/Library/Frameworks/CoreImage.framework; sourceTree = SDKROOT; };
		3C5A5AC719E2C44D005639CC /* CoreText.framework */ = {isa = PBXFileReference; lastKnownFileType = wrapper.framework; name = CoreText.framework; path = System/Library/Frameworks/CoreText.framework; sourceTree = SDKROOT; };
		3C5A5AC919E2C468005639CC /* QuartzCore.framework */ = {isa = PBXFileReference; lastKnownFileType = wrapper.framework; name = QuartzCore.framework; path = System/Library/Frameworks/QuartzCore.framework; sourceTree = SDKROOT; };
		3C5A5ACD19E2C4B3005639CC /* Security.framework */ = {isa = PBXFileReference; lastKnownFileType = wrapper.framework; name = Security.framework; path = System/Library/Frameworks/Security.framework; sourceTree = SDKROOT; };
		AD93D06019B4924B00D58776 /* MobihelpSampleApp.app */ = {isa = PBXFileReference; explicitFileType = wrapper.application; includeInIndex = 0; path = MobihelpSampleApp.app; sourceTree = BUILT_PRODUCTS_DIR; };
		AD93D06319B4924B00D58776 /* Foundation.framework */ = {isa = PBXFileReference; lastKnownFileType = wrapper.framework; name = Foundation.framework; path = System/Library/Frameworks/Foundation.framework; sourceTree = SDKROOT; };
		AD93D06519B4924B00D58776 /* CoreGraphics.framework */ = {isa = PBXFileReference; lastKnownFileType = wrapper.framework; name = CoreGraphics.framework; path = System/Library/Frameworks/CoreGraphics.framework; sourceTree = SDKROOT; };
		AD93D06719B4924B00D58776 /* UIKit.framework */ = {isa = PBXFileReference; lastKnownFileType = wrapper.framework; name = UIKit.framework; path = System/Library/Frameworks/UIKit.framework; sourceTree = SDKROOT; };
		AD93D06B19B4924B00D58776 /* MobihelpSampleApp-Info.plist */ = {isa = PBXFileReference; lastKnownFileType = text.plist.xml; path = "MobihelpSampleApp-Info.plist"; sourceTree = "<group>"; };
		AD93D06D19B4924B00D58776 /* en */ = {isa = PBXFileReference; lastKnownFileType = text.plist.strings; name = en; path = en.lproj/InfoPlist.strings; sourceTree = "<group>"; };
		AD93D06F19B4924B00D58776 /* main.m */ = {isa = PBXFileReference; lastKnownFileType = sourcecode.c.objc; path = main.m; sourceTree = "<group>"; };
		AD93D07119B4924B00D58776 /* MobihelpSampleApp-Prefix.pch */ = {isa = PBXFileReference; lastKnownFileType = sourcecode.c.h; path = "MobihelpSampleApp-Prefix.pch"; sourceTree = "<group>"; };
		AD93D07219B4924B00D58776 /* FDAppDelegate.h */ = {isa = PBXFileReference; lastKnownFileType = sourcecode.c.h; path = FDAppDelegate.h; sourceTree = "<group>"; };
		AD93D07319B4924B00D58776 /* FDAppDelegate.m */ = {isa = PBXFileReference; lastKnownFileType = sourcecode.c.objc; path = FDAppDelegate.m; sourceTree = "<group>"; };
		AD93D07519B4924B00D58776 /* Images.xcassets */ = {isa = PBXFileReference; lastKnownFileType = folder.assetcatalog; path = Images.xcassets; sourceTree = "<group>"; };
		AD93D07C19B4924B00D58776 /* XCTest.framework */ = {isa = PBXFileReference; lastKnownFileType = wrapper.framework; name = XCTest.framework; path = Library/Frameworks/XCTest.framework; sourceTree = DEVELOPER_DIR; };
		AD93D09219B4926E00D58776 /* FDViewController.h */ = {isa = PBXFileReference; fileEncoding = 4; lastKnownFileType = sourcecode.c.h; path = FDViewController.h; sourceTree = "<group>"; };
		AD93D09319B4926E00D58776 /* FDViewController.m */ = {isa = PBXFileReference; fileEncoding = 4; lastKnownFileType = sourcecode.c.objc; path = FDViewController.m; sourceTree = "<group>"; };
		AD93D0B519B4B16E00D58776 /* SystemConfiguration.framework */ = {isa = PBXFileReference; lastKnownFileType = wrapper.framework; name = SystemConfiguration.framework; path = System/Library/Frameworks/SystemConfiguration.framework; sourceTree = SDKROOT; };
		AD93D0B719B4B17200D58776 /* CoreData.framework */ = {isa = PBXFileReference; lastKnownFileType = wrapper.framework; name = CoreData.framework; path = System/Library/Frameworks/CoreData.framework; sourceTree = SDKROOT; };
		AD93D0B919B4B17A00D58776 /* MobileCoreServices.framework */ = {isa = PBXFileReference; lastKnownFileType = wrapper.framework; name = MobileCoreServices.framework; path = System/Library/Frameworks/MobileCoreServices.framework; sourceTree = SDKROOT; };
		AD93D0BB19B4B18000D58776 /* CoreTelephony.framework */ = {isa = PBXFileReference; lastKnownFileType = wrapper.framework; name = CoreTelephony.framework; path = System/Library/Frameworks/CoreTelephony.framework; sourceTree = SDKROOT; };
		D00A39D41A1632F0007F7FAC /* libFDMobihelpSDK.a */ = {isa = PBXFileReference; lastKnownFileType = archive.ar; path = libFDMobihelpSDK.a; sourceTree = "<group>"; };
		D00A39D51A1632F0007F7FAC /* MHModel.bundle */ = {isa = PBXFileReference; lastKnownFileType = "wrapper.plug-in"; path = MHModel.bundle; sourceTree = "<group>"; };
		D00A39D61A1632F0007F7FAC /* Mobihelp.h */ = {isa = PBXFileReference; fileEncoding = 4; lastKnownFileType = sourcecode.c.h; path = Mobihelp.h; sourceTree = "<group>"; };
		D00A39DA1A1632F0007F7FAC /* FDAngleMask@2x.png */ = {isa = PBXFileReference; lastKnownFileType = image.png; path = "FDAngleMask@2x.png"; sourceTree = "<group>"; };
		D00A39DB1A1632F0007F7FAC /* FDError@2x.png */ = {isa = PBXFileReference; lastKnownFileType = image.png; path = "FDError@2x.png"; sourceTree = "<group>"; };
		D00A39DC1A1632F0007F7FAC /* FDSuccess@2x.png */ = {isa = PBXFileReference; lastKnownFileType = image.png; path = "FDSuccess@2x.png"; sourceTree = "<group>"; };
		D00A39DD1A1632F0007F7FAC /* LeftBubbleFDDarkTheme@2x.png */ = {isa = PBXFileReference; lastKnownFileType = image.png; path = "LeftBubbleFDDarkTheme@2x.png"; sourceTree = "<group>"; };
		D00A39DE1A1632F0007F7FAC /* LeftBubbleFDLightTheme@2x.png */ = {isa = PBXFileReference; lastKnownFileType = image.png; path = "LeftBubbleFDLightTheme@2x.png"; sourceTree = "<group>"; };
		D00A39DF1A1632F0007F7FAC /* RightBubbleFDDarkTheme@2x.png */ = {isa = PBXFileReference; lastKnownFileType = image.png; path = "RightBubbleFDDarkTheme@2x.png"; sourceTree = "<group>"; };
		D00A39E01A1632F0007F7FAC /* RightBubbleFDLightTheme@2x.png */ = {isa = PBXFileReference; lastKnownFileType = image.png; path = "RightBubbleFDLightTheme@2x.png"; sourceTree = "<group>"; };
		D00A39E11A1632F0007F7FAC /* TextViewInnerFDDarkTheme@2x.png */ = {isa = PBXFileReference; lastKnownFileType = image.png; path = "TextViewInnerFDDarkTheme@2x.png"; sourceTree = "<group>"; };
		D00A39E21A1632F0007F7FAC /* TextViewInnerFDLightTheme@2x.png */ = {isa = PBXFileReference; lastKnownFileType = image.png; path = "TextViewInnerFDLightTheme@2x.png"; sourceTree = "<group>"; };
		D00A39E31A1632F0007F7FAC /* TextViewOuterFDDarkTheme@2x.png */ = {isa = PBXFileReference; lastKnownFileType = image.png; path = "TextViewOuterFDDarkTheme@2x.png"; sourceTree = "<group>"; };
		D00A39E41A1632F0007F7FAC /* TextViewOuterFDLightTheme@2x.png */ = {isa = PBXFileReference; lastKnownFileType = image.png; path = "TextViewOuterFDLightTheme@2x.png"; sourceTree = "<group>"; };
		D00A39E61A1632F0007F7FAC /* FDAngleMask@3x.png */ = {isa = PBXFileReference; lastKnownFileType = image.png; path = "FDAngleMask@3x.png"; sourceTree = "<group>"; };
		D00A39E71A1632F0007F7FAC /* FDError@3x.png */ = {isa = PBXFileReference; lastKnownFileType = image.png; path = "FDError@3x.png"; sourceTree = "<group>"; };
		D00A39E81A1632F0007F7FAC /* FDSuccess@3x.png */ = {isa = PBXFileReference; lastKnownFileType = image.png; path = "FDSuccess@3x.png"; sourceTree = "<group>"; };
		D00A39E91A1632F0007F7FAC /* LeftBubbleFDDarkTheme@3x.png */ = {isa = PBXFileReference; lastKnownFileType = image.png; path = "LeftBubbleFDDarkTheme@3x.png"; sourceTree = "<group>"; };
		D00A39EA1A1632F0007F7FAC /* LeftBubbleFDLightTheme@3x.png */ = {isa = PBXFileReference; lastKnownFileType = image.png; path = "LeftBubbleFDLightTheme@3x.png"; sourceTree = "<group>"; };
		D00A39EB1A1632F0007F7FAC /* RightBubbleFDDarkTheme@3x.png */ = {isa = PBXFileReference; lastKnownFileType = image.png; path = "RightBubbleFDDarkTheme@3x.png"; sourceTree = "<group>"; };
		D00A39EC1A1632F0007F7FAC /* RightBubbleFDLightTheme@3x.png */ = {isa = PBXFileReference; lastKnownFileType = image.png; path = "RightBubbleFDLightTheme@3x.png"; sourceTree = "<group>"; };
		D00A39ED1A1632F0007F7FAC /* TextViewInnerFDDarkTheme@3x.png */ = {isa = PBXFileReference; lastKnownFileType = image.png; path = "TextViewInnerFDDarkTheme@3x.png"; sourceTree = "<group>"; };
		D00A39EE1A1632F0007F7FAC /* TextViewInnerFDLightTheme@3x.png */ = {isa = PBXFileReference; lastKnownFileType = image.png; path = "TextViewInnerFDLightTheme@3x.png"; sourceTree = "<group>"; };
		D00A39EF1A1632F0007F7FAC /* TextViewOuterFDDarkTheme@3x.png */ = {isa = PBXFileReference; lastKnownFileType = image.png; path = "TextViewOuterFDDarkTheme@3x.png"; sourceTree = "<group>"; };
		D00A39F01A1632F0007F7FAC /* TextViewOuterFDLightTheme@3x.png */ = {isa = PBXFileReference; lastKnownFileType = image.png; path = "TextViewOuterFDLightTheme@3x.png"; sourceTree = "<group>"; };
		D00A39F31A1632F0007F7FAC /* en */ = {isa = PBXFileReference; lastKnownFileType = text.plist.strings; name = en; path = en.lproj/MHLocalizable.strings; sourceTree = "<group>"; };
		D00A39F51A1632F0007F7FAC /* FDDarkTheme.plist */ = {isa = PBXFileReference; fileEncoding = 4; lastKnownFileType = text.plist.xml; path = FDDarkTheme.plist; sourceTree = "<group>"; };
		D00A39F61A1632F0007F7FAC /* FDLightTheme.plist */ = {isa = PBXFileReference; fileEncoding = 4; lastKnownFileType = text.plist.xml; path = FDLightTheme.plist; sourceTree = "<group>"; };
		D00A39F71A1632F0007F7FAC /* ReleaseNotes.txt */ = {isa = PBXFileReference; fileEncoding = 4; lastKnownFileType = text; path = ReleaseNotes.txt; sourceTree = "<group>"; };
/* End PBXFileReference section */

/* Begin PBXFrameworksBuildPhase section */
		AD93D05D19B4924B00D58776 /* Frameworks */ = {
			isa = PBXFrameworksBuildPhase;
			buildActionMask = 2147483647;
			files = (
				AD93D0BA19B4B17A00D58776 /* MobileCoreServices.framework in Frameworks */,
				AD93D0BC19B4B18000D58776 /* CoreTelephony.framework in Frameworks */,
				D00A39F81A1632F0007F7FAC /* libFDMobihelpSDK.a in Frameworks */,
				AD93D0B619B4B16E00D58776 /* SystemConfiguration.framework in Frameworks */,
				AD93D0B819B4B17200D58776 /* CoreData.framework in Frameworks */,
				3C5A5ACF19E2C4CD005639CC /* CoreGraphics.framework in Frameworks */,
				3C5A5ACB19E2C47F005639CC /* UIKit.framework in Frameworks */,
				AD93D06419B4924B00D58776 /* Foundation.framework in Frameworks */,
				3C5A5ACE19E2C4B3005639CC /* Security.framework in Frameworks */,
				3C5A5AD019E2C569005639CC /* QuartzCore.framework in Frameworks */,
			);
			runOnlyForDeploymentPostprocessing = 0;
		};
/* End PBXFrameworksBuildPhase section */

/* Begin PBXGroup section */
		AD93D05719B4924A00D58776 = {
			isa = PBXGroup;
			children = (
				D00A39D31A1632F0007F7FAC /* mobihelp_ios_v1.1.4 */,
				AD93D06919B4924B00D58776 /* MobihelpSampleApp */,
				AD93D06219B4924B00D58776 /* Frameworks */,
				AD93D06119B4924B00D58776 /* Products */,
			);
			sourceTree = "<group>";
		};
		AD93D06119B4924B00D58776 /* Products */ = {
			isa = PBXGroup;
			children = (
				AD93D06019B4924B00D58776 /* MobihelpSampleApp.app */,
			);
			name = Products;
			sourceTree = "<group>";
		};
		AD93D06219B4924B00D58776 /* Frameworks */ = {
			isa = PBXGroup;
			children = (
				3C5A5ACD19E2C4B3005639CC /* Security.framework */,
				3C5A5AC919E2C468005639CC /* QuartzCore.framework */,
				3C5A5AC719E2C44D005639CC /* CoreText.framework */,
				3C5A5AC419E2C415005639CC /* CoreImage.framework */,
				3C5A5AC119E2C359005639CC /* CFNetwork.framework */,
				AD93D0BB19B4B18000D58776 /* CoreTelephony.framework */,
				AD93D0B919B4B17A00D58776 /* MobileCoreServices.framework */,
				AD93D0B719B4B17200D58776 /* CoreData.framework */,
				AD93D0B519B4B16E00D58776 /* SystemConfiguration.framework */,
				AD93D06319B4924B00D58776 /* Foundation.framework */,
				AD93D06519B4924B00D58776 /* CoreGraphics.framework */,
				AD93D06719B4924B00D58776 /* UIKit.framework */,
				AD93D07C19B4924B00D58776 /* XCTest.framework */,
			);
			name = Frameworks;
			sourceTree = "<group>";
		};
		AD93D06919B4924B00D58776 /* MobihelpSampleApp */ = {
			isa = PBXGroup;
			children = (
				AD93D07219B4924B00D58776 /* FDAppDelegate.h */,
				AD93D07319B4924B00D58776 /* FDAppDelegate.m */,
				AD93D09219B4926E00D58776 /* FDViewController.h */,
				AD93D09319B4926E00D58776 /* FDViewController.m */,
				AD93D06A19B4924B00D58776 /* Supporting Files */,
			);
			path = MobihelpSampleApp;
			sourceTree = "<group>";
		};
		AD93D06A19B4924B00D58776 /* Supporting Files */ = {
			isa = PBXGroup;
			children = (
				AD93D06F19B4924B00D58776 /* main.m */,
				AD93D06C19B4924B00D58776 /* InfoPlist.strings */,
				AD93D07119B4924B00D58776 /* MobihelpSampleApp-Prefix.pch */,
				AD93D06B19B4924B00D58776 /* MobihelpSampleApp-Info.plist */,
				AD93D07519B4924B00D58776 /* Images.xcassets */,
			);
			path = "Supporting Files";
			sourceTree = "<group>";
		};
		D00A39D31A1632F0007F7FAC /* mobihelp_ios_v1.1.4 */ = {
			isa = PBXGroup;
			children = (
				D00A39D41A1632F0007F7FAC /* libFDMobihelpSDK.a */,
				D00A39D51A1632F0007F7FAC /* MHModel.bundle */,
				D00A39D61A1632F0007F7FAC /* Mobihelp.h */,
				D00A39D71A1632F0007F7FAC /* MobihelpResources */,
				D00A39F71A1632F0007F7FAC /* ReleaseNotes.txt */,
			);
			path = mobihelp_ios_v1.1.4;
			sourceTree = "<group>";
		};
		D00A39D71A1632F0007F7FAC /* MobihelpResources */ = {
			isa = PBXGroup;
			children = (
				D00A39D81A1632F0007F7FAC /* Images */,
				D00A39F11A1632F0007F7FAC /* Localization */,
				D00A39F41A1632F0007F7FAC /* Themes */,
			);
			path = MobihelpResources;
			sourceTree = "<group>";
		};
		D00A39D81A1632F0007F7FAC /* Images */ = {
			isa = PBXGroup;
			children = (
				D00A39D91A1632F0007F7FAC /* 2x */,
				D00A39E51A1632F0007F7FAC /* 3x */,
			);
			path = Images;
			sourceTree = "<group>";
		};
		D00A39D91A1632F0007F7FAC /* 2x */ = {
			isa = PBXGroup;
			children = (
				D00A39DA1A1632F0007F7FAC /* FDAngleMask@2x.png */,
				D00A39DB1A1632F0007F7FAC /* FDError@2x.png */,
				D00A39DC1A1632F0007F7FAC /* FDSuccess@2x.png */,
				D00A39DD1A1632F0007F7FAC /* LeftBubbleFDDarkTheme@2x.png */,
				D00A39DE1A1632F0007F7FAC /* LeftBubbleFDLightTheme@2x.png */,
				D00A39DF1A1632F0007F7FAC /* RightBubbleFDDarkTheme@2x.png */,
				D00A39E01A1632F0007F7FAC /* RightBubbleFDLightTheme@2x.png */,
				D00A39E11A1632F0007F7FAC /* TextViewInnerFDDarkTheme@2x.png */,
				D00A39E21A1632F0007F7FAC /* TextViewInnerFDLightTheme@2x.png */,
				D00A39E31A1632F0007F7FAC /* TextViewOuterFDDarkTheme@2x.png */,
				D00A39E41A1632F0007F7FAC /* TextViewOuterFDLightTheme@2x.png */,
			);
			path = 2x;
			sourceTree = "<group>";
		};
		D00A39E51A1632F0007F7FAC /* 3x */ = {
			isa = PBXGroup;
			children = (
				D00A39E61A1632F0007F7FAC /* FDAngleMask@3x.png */,
				D00A39E71A1632F0007F7FAC /* FDError@3x.png */,
				D00A39E81A1632F0007F7FAC /* FDSuccess@3x.png */,
				D00A39E91A1632F0007F7FAC /* LeftBubbleFDDarkTheme@3x.png */,
				D00A39EA1A1632F0007F7FAC /* LeftBubbleFDLightTheme@3x.png */,
				D00A39EB1A1632F0007F7FAC /* RightBubbleFDDarkTheme@3x.png */,
				D00A39EC1A1632F0007F7FAC /* RightBubbleFDLightTheme@3x.png */,
				D00A39ED1A1632F0007F7FAC /* TextViewInnerFDDarkTheme@3x.png */,
				D00A39EE1A1632F0007F7FAC /* TextViewInnerFDLightTheme@3x.png */,
				D00A39EF1A1632F0007F7FAC /* TextViewOuterFDDarkTheme@3x.png */,
				D00A39F01A1632F0007F7FAC /* TextViewOuterFDLightTheme@3x.png */,
			);
			path = 3x;
			sourceTree = "<group>";
		};
		D00A39F11A1632F0007F7FAC /* Localization */ = {
			isa = PBXGroup;
			children = (
				D00A39F21A1632F0007F7FAC /* MHLocalizable.strings */,
			);
			path = Localization;
			sourceTree = "<group>";
		};
		D00A39F41A1632F0007F7FAC /* Themes */ = {
			isa = PBXGroup;
			children = (
				D00A39F51A1632F0007F7FAC /* FDDarkTheme.plist */,
				D00A39F61A1632F0007F7FAC /* FDLightTheme.plist */,
			);
			path = Themes;
			sourceTree = "<group>";
		};
/* End PBXGroup section */

/* Begin PBXNativeTarget section */
		AD93D05F19B4924B00D58776 /* MobihelpSampleApp */ = {
			isa = PBXNativeTarget;
			buildConfigurationList = AD93D08C19B4924C00D58776 /* Build configuration list for PBXNativeTarget "MobihelpSampleApp" */;
			buildPhases = (
				AD93D05C19B4924B00D58776 /* Sources */,
				AD93D05D19B4924B00D58776 /* Frameworks */,
				AD93D05E19B4924B00D58776 /* Resources */,
			);
			buildRules = (
			);
			dependencies = (
			);
			name = MobihelpSampleApp;
			productName = MobihelpSampleApp;
			productReference = AD93D06019B4924B00D58776 /* MobihelpSampleApp.app */;
			productType = "com.apple.product-type.application";
		};
/* End PBXNativeTarget section */

/* Begin PBXProject section */
		AD93D05819B4924A00D58776 /* Project object */ = {
			isa = PBXProject;
			attributes = {
				CLASSPREFIX = FD;
				LastUpgradeCheck = 0510;
				ORGANIZATIONNAME = Freshdesk;
				TargetAttributes = {
					AD93D05F19B4924B00D58776 = {
						DevelopmentTeam = PKUQ4ZWJH3;
					};
				};
			};
			buildConfigurationList = AD93D05B19B4924A00D58776 /* Build configuration list for PBXProject "MobihelpSampleApp" */;
			compatibilityVersion = "Xcode 3.2";
			developmentRegion = English;
			hasScannedForEncodings = 0;
			knownRegions = (
				en,
			);
			mainGroup = AD93D05719B4924A00D58776;
			productRefGroup = AD93D06119B4924B00D58776 /* Products */;
			projectDirPath = "";
			projectRoot = "";
			targets = (
				AD93D05F19B4924B00D58776 /* MobihelpSampleApp */,
			);
		};
/* End PBXProject section */

/* Begin PBXResourcesBuildPhase section */
		AD93D05E19B4924B00D58776 /* Resources */ = {
			isa = PBXResourcesBuildPhase;
			buildActionMask = 2147483647;
			files = (
				D00A3A061A1632F0007F7FAC /* FDError@3x.png in Resources */,
				D00A3A031A1632F0007F7FAC /* TextViewOuterFDDarkTheme@2x.png in Resources */,
				D00A39FB1A1632F0007F7FAC /* FDError@2x.png in Resources */,
				D00A3A0E1A1632F0007F7FAC /* TextViewOuterFDDarkTheme@3x.png in Resources */,
				D00A3A0F1A1632F0007F7FAC /* TextViewOuterFDLightTheme@3x.png in Resources */,
				D00A3A0B1A1632F0007F7FAC /* RightBubbleFDLightTheme@3x.png in Resources */,
				D00A3A071A1632F0007F7FAC /* FDSuccess@3x.png in Resources */,
				D00A3A091A1632F0007F7FAC /* LeftBubbleFDLightTheme@3x.png in Resources */,
				D00A39FD1A1632F0007F7FAC /* LeftBubbleFDDarkTheme@2x.png in Resources */,
				D00A3A001A1632F0007F7FAC /* RightBubbleFDLightTheme@2x.png in Resources */,
				D00A3A0C1A1632F0007F7FAC /* TextViewInnerFDDarkTheme@3x.png in Resources */,
				D00A39FA1A1632F0007F7FAC /* FDAngleMask@2x.png in Resources */,
				D00A39F91A1632F0007F7FAC /* MHModel.bundle in Resources */,
				D00A3A121A1632F0007F7FAC /* FDLightTheme.plist in Resources */,
				D00A3A0D1A1632F0007F7FAC /* TextViewInnerFDLightTheme@3x.png in Resources */,
				D00A3A051A1632F0007F7FAC /* FDAngleMask@3x.png in Resources */,
				D00A39FF1A1632F0007F7FAC /* RightBubbleFDDarkTheme@2x.png in Resources */,
				D00A3A101A1632F0007F7FAC /* MHLocalizable.strings in Resources */,
				D00A3A111A1632F0007F7FAC /* FDDarkTheme.plist in Resources */,
				D00A3A011A1632F0007F7FAC /* TextViewInnerFDDarkTheme@2x.png in Resources */,
				D00A3A0A1A1632F0007F7FAC /* RightBubbleFDDarkTheme@3x.png in Resources */,
				D00A3A041A1632F0007F7FAC /* TextViewOuterFDLightTheme@2x.png in Resources */,
				D00A3A081A1632F0007F7FAC /* LeftBubbleFDDarkTheme@3x.png in Resources */,
				AD93D06E19B4924B00D58776 /* InfoPlist.strings in Resources */,
				D00A3A021A1632F0007F7FAC /* TextViewInnerFDLightTheme@2x.png in Resources */,
				D00A3A131A1632F0007F7FAC /* ReleaseNotes.txt in Resources */,
				D00A39FC1A1632F0007F7FAC /* FDSuccess@2x.png in Resources */,
				D00A39FE1A1632F0007F7FAC /* LeftBubbleFDLightTheme@2x.png in Resources */,
				AD93D07619B4924B00D58776 /* Images.xcassets in Resources */,
			);
			runOnlyForDeploymentPostprocessing = 0;
		};
/* End PBXResourcesBuildPhase section */

/* Begin PBXSourcesBuildPhase section */
		AD93D05C19B4924B00D58776 /* Sources */ = {
			isa = PBXSourcesBuildPhase;
			buildActionMask = 2147483647;
			files = (
				AD93D07419B4924B00D58776 /* FDAppDelegate.m in Sources */,
				AD93D07019B4924B00D58776 /* main.m in Sources */,
				AD93D09419B4926E00D58776 /* FDViewController.m in Sources */,
			);
			runOnlyForDeploymentPostprocessing = 0;
		};
/* End PBXSourcesBuildPhase section */

/* Begin PBXVariantGroup section */
		AD93D06C19B4924B00D58776 /* InfoPlist.strings */ = {
			isa = PBXVariantGroup;
			children = (
				AD93D06D19B4924B00D58776 /* en */,
			);
			name = InfoPlist.strings;
			sourceTree = "<group>";
		};
		D00A39F21A1632F0007F7FAC /* MHLocalizable.strings */ = {
			isa = PBXVariantGroup;
			children = (
				D00A39F31A1632F0007F7FAC /* en */,
			);
			name = MHLocalizable.strings;
			sourceTree = "<group>";
		};
/* End PBXVariantGroup section */

/* Begin XCBuildConfiguration section */
		AD93D08A19B4924B00D58776 /* Debug */ = {
			isa = XCBuildConfiguration;
			buildSettings = {
				ALWAYS_SEARCH_USER_PATHS = NO;
				CLANG_CXX_LANGUAGE_STANDARD = "gnu++0x";
				CLANG_CXX_LIBRARY = "libc++";
				CLANG_ENABLE_MODULES = YES;
				CLANG_ENABLE_OBJC_ARC = YES;
				CLANG_WARN_BOOL_CONVERSION = YES;
				CLANG_WARN_CONSTANT_CONVERSION = YES;
				CLANG_WARN_DIRECT_OBJC_ISA_USAGE = YES_ERROR;
				CLANG_WARN_EMPTY_BODY = YES;
				CLANG_WARN_ENUM_CONVERSION = YES;
				CLANG_WARN_INT_CONVERSION = YES;
				CLANG_WARN_OBJC_ROOT_CLASS = YES_ERROR;
				CLANG_WARN__DUPLICATE_METHOD_MATCH = YES;
				"CODE_SIGN_IDENTITY[sdk=iphoneos*]" = "iPhone Developer";
				COPY_PHASE_STRIP = NO;
				GCC_C_LANGUAGE_STANDARD = gnu99;
				GCC_DYNAMIC_NO_PIC = NO;
				GCC_OPTIMIZATION_LEVEL = 0;
				GCC_PREPROCESSOR_DEFINITIONS = (
					"DEBUG=1",
					"$(inherited)",
				);
				GCC_SYMBOLS_PRIVATE_EXTERN = NO;
				GCC_WARN_64_TO_32_BIT_CONVERSION = YES;
				GCC_WARN_ABOUT_RETURN_TYPE = YES_ERROR;
				GCC_WARN_UNDECLARED_SELECTOR = YES;
				GCC_WARN_UNINITIALIZED_AUTOS = YES_AGGRESSIVE;
				GCC_WARN_UNUSED_FUNCTION = YES;
				GCC_WARN_UNUSED_VARIABLE = YES;
				IPHONEOS_DEPLOYMENT_TARGET = 7.1;
				ONLY_ACTIVE_ARCH = YES;
				SDKROOT = iphoneos;
				TARGETED_DEVICE_FAMILY = "1,2";
			};
			name = Debug;
		};
		AD93D08B19B4924B00D58776 /* Release */ = {
			isa = XCBuildConfiguration;
			buildSettings = {
				ALWAYS_SEARCH_USER_PATHS = NO;
				CLANG_CXX_LANGUAGE_STANDARD = "gnu++0x";
				CLANG_CXX_LIBRARY = "libc++";
				CLANG_ENABLE_MODULES = YES;
				CLANG_ENABLE_OBJC_ARC = YES;
				CLANG_WARN_BOOL_CONVERSION = YES;
				CLANG_WARN_CONSTANT_CONVERSION = YES;
				CLANG_WARN_DIRECT_OBJC_ISA_USAGE = YES_ERROR;
				CLANG_WARN_EMPTY_BODY = YES;
				CLANG_WARN_ENUM_CONVERSION = YES;
				CLANG_WARN_INT_CONVERSION = YES;
				CLANG_WARN_OBJC_ROOT_CLASS = YES_ERROR;
				CLANG_WARN__DUPLICATE_METHOD_MATCH = YES;
				"CODE_SIGN_IDENTITY[sdk=iphoneos*]" = "iPhone Developer";
				COPY_PHASE_STRIP = YES;
				ENABLE_NS_ASSERTIONS = NO;
				GCC_C_LANGUAGE_STANDARD = gnu99;
				GCC_WARN_64_TO_32_BIT_CONVERSION = YES;
				GCC_WARN_ABOUT_RETURN_TYPE = YES_ERROR;
				GCC_WARN_UNDECLARED_SELECTOR = YES;
				GCC_WARN_UNINITIALIZED_AUTOS = YES_AGGRESSIVE;
				GCC_WARN_UNUSED_FUNCTION = YES;
				GCC_WARN_UNUSED_VARIABLE = YES;
				IPHONEOS_DEPLOYMENT_TARGET = 7.1;
				SDKROOT = iphoneos;
				TARGETED_DEVICE_FAMILY = "1,2";
				VALIDATE_PRODUCT = YES;
			};
			name = Release;
		};
		AD93D08D19B4924C00D58776 /* Debug */ = {
			isa = XCBuildConfiguration;
			buildSettings = {
				ASSETCATALOG_COMPILER_APPICON_NAME = AppIcon;
				ASSETCATALOG_COMPILER_LAUNCHIMAGE_NAME = LaunchImage;
				CLANG_MODULES_AUTOLINK = NO;
				CODE_SIGN_IDENTITY = "iPhone Developer";
				"CODE_SIGN_IDENTITY[sdk=iphoneos*]" = "iPhone Developer";
				GCC_PRECOMPILE_PREFIX_HEADER = YES;
				GCC_PREFIX_HEADER = "MobihelpSampleApp/Supporting Files/MobihelpSampleApp-Prefix.pch";
				INFOPLIST_FILE = "$(SRCROOT)/MobihelpSampleApp/Supporting Files/MobihelpSampleApp-Info.plist";
				IPHONEOS_DEPLOYMENT_TARGET = 7.0;
				LIBRARY_SEARCH_PATHS = (
					"$(inherited)",
					"$(PROJECT_DIR)/mobihelp_ios_v1.1.4",
				);
				LINK_WITH_STANDARD_LIBRARIES = YES;
				PRODUCT_NAME = "$(TARGET_NAME)";
				PROVISIONING_PROFILE = "";
				VALID_ARCHS = "arm64 armv7 armv7s";
				WRAPPER_EXTENSION = app;
			};
			name = Debug;
		};
		AD93D08E19B4924C00D58776 /* Release */ = {
			isa = XCBuildConfiguration;
			buildSettings = {
				ASSETCATALOG_COMPILER_APPICON_NAME = AppIcon;
				ASSETCATALOG_COMPILER_LAUNCHIMAGE_NAME = LaunchImage;
				CLANG_MODULES_AUTOLINK = NO;
				CODE_SIGN_IDENTITY = "iPhone Developer";
				"CODE_SIGN_IDENTITY[sdk=iphoneos*]" = "iPhone Developer";
				GCC_PRECOMPILE_PREFIX_HEADER = YES;
				GCC_PREFIX_HEADER = "MobihelpSampleApp/Supporting Files/MobihelpSampleApp-Prefix.pch";
				INFOPLIST_FILE = "$(SRCROOT)/MobihelpSampleApp/Supporting Files/MobihelpSampleApp-Info.plist";
				IPHONEOS_DEPLOYMENT_TARGET = 7.0;
				LIBRARY_SEARCH_PATHS = (
					"$(inherited)",
					"$(PROJECT_DIR)/mobihelp_ios_v1.1.4",
				);
				LINK_WITH_STANDARD_LIBRARIES = YES;
				ONLY_ACTIVE_ARCH = YES;
				PRODUCT_NAME = "$(TARGET_NAME)";
				PROVISIONING_PROFILE = "";
				VALID_ARCHS = "armv7 arm64 armv7s";
				WRAPPER_EXTENSION = app;
			};
			name = Release;
		};
/* End XCBuildConfiguration section */

/* Begin XCConfigurationList section */
		AD93D05B19B4924A00D58776 /* Build configuration list for PBXProject "MobihelpSampleApp" */ = {
			isa = XCConfigurationList;
			buildConfigurations = (
				AD93D08A19B4924B00D58776 /* Debug */,
				AD93D08B19B4924B00D58776 /* Release */,
			);
			defaultConfigurationIsVisible = 0;
			defaultConfigurationName = Release;
		};
		AD93D08C19B4924C00D58776 /* Build configuration list for PBXNativeTarget "MobihelpSampleApp" */ = {
			isa = XCConfigurationList;
			buildConfigurations = (
				AD93D08D19B4924C00D58776 /* Debug */,
				AD93D08E19B4924C00D58776 /* Release */,
			);
			defaultConfigurationIsVisible = 0;
			defaultConfigurationName = Release;
		};
/* End XCConfigurationList section */
	};
	rootObject = AD93D05819B4924A00D58776 /* Project object */;
}
